
Microsoft Visual Studio Solution File, Format Version 12.00
# Visual Studio Version 16
VisualStudioVersion = 16.0.31105.61
MinimumVisualStudioVersion = 10.0.40219.1
Project("{FAE04EC0-301F-11D3-BF4B-00C04F79EFBC}") = "RentACar.Android", "RentACar\RentACar.Android\RentACar.Android.csproj", "{2A8D6E51-297B-4972-94FB-E2122E0AF3BB}"
EndProject
Project("{FAE04EC0-301F-11D3-BF4B-00C04F79EFBC}") = "RentACar.iOS", "RentACar\RentACar.iOS\RentACar.iOS.csproj", "{04457EE4-8848-4E12-9776-6677346C3B7C}"
EndProject
Project("{FAE04EC0-301F-11D3-BF4B-00C04F79EFBC}") = "RentACar", "RentACar\RentACar\RentACar.csproj", "{F5D32A1A-67A9-40ED-B46A-7FD329260456}"
EndProject
Global
	GlobalSection(SolutionConfigurationPlatforms) = preSolution
		Debug|Any CPU = Debug|Any CPU
		Debug|iPhone = Debug|iPhone
		Debug|iPhoneSimulator = Debug|iPhoneSimulator
		Release|Any CPU = Release|Any CPU
		Release|iPhone = Release|iPhone
		Release|iPhoneSimulator = Release|iPhoneSimulator
	EndGlobalSection
	GlobalSection(ProjectConfigurationPlatforms) = postSolution
		{2A8D6E51-297B-4972-94FB-E2122E0AF3BB}.Debug|Any CPU.ActiveCfg = Debug|Any CPU
		{2A8D6E51-297B-4972-94FB-E2122E0AF3BB}.Debug|Any CPU.Build.0 = Debug|Any CPU
		{2A8D6E51-297B-4972-94FB-E2122E0AF3BB}.Debug|Any CPU.Deploy.0 = Debug|Any CPU
		{2A8D6E51-297B-4972-94FB-E2122E0AF3BB}.Debug|iPhone.ActiveCfg = Debug|Any CPU
		{2A8D6E51-297B-4972-94FB-E2122E0AF3BB}.Debug|iPhone.Build.0 = Debug|Any CPU
		{2A8D6E51-297B-4972-94FB-E2122E0AF3BB}.Debug|iPhone.Deploy.0 = Debug|Any CPU
		{2A8D6E51-297B-4972-94FB-E2122E0AF3BB}.Debug|iPhoneSimulator.ActiveCfg = Debug|Any CPU
		{2A8D6E51-297B-4972-94FB-E2122E0AF3BB}.Debug|iPhoneSimulator.Build.0 = Debug|Any CPU
		{2A8D6E51-297B-4972-94FB-E2122E0AF3BB}.Debug|iPhoneSimulator.Deploy.0 = Debug|Any CPU
		{2A8D6E51-297B-4972-94FB-E2122E0AF3BB}.Release|Any CPU.ActiveCfg = Release|Any CPU
		{2A8D6E51-297B-4972-94FB-E2122E0AF3BB}.Release|Any CPU.Build.0 = Release|Any CPU
		{2A8D6E51-297B-4972-94FB-E2122E0AF3BB}.Release|Any CPU.Deploy.0 = Release|Any CPU
		{2A8D6E51-297B-4972-94FB-E2122E0AF3BB}.Release|iPhone.ActiveCfg = Release|Any CPU
		{2A8D6E51-297B-4972-94FB-E2122E0AF3BB}.Release|iPhone.Build.0 = Release|Any CPU
		{2A8D6E51-297B-4972-94FB-E2122E0AF3BB}.Release|iPhone.Deploy.0 = Release|Any CPU
		{2A8D6E51-297B-4972-94FB-E2122E0AF3BB}.Release|iPhoneSimulator.ActiveCfg = Release|Any CPU
		{2A8D6E51-297B-4972-94FB-E2122E0AF3BB}.Release|iPhoneSimulator.Build.0 = Release|Any CPU
		{2A8D6E51-297B-4972-94FB-E2122E0AF3BB}.Release|iPhoneSimulator.Deploy.0 = Release|Any CPU
		{04457EE4-8848-4E12-9776-6677346C3B7C}.Debug|Any CPU.ActiveCfg = Debug|iPhone
		{04457EE4-8848-4E12-9776-6677346C3B7C}.Debug|Any CPU.Build.0 = Debug|iPhone
		{04457EE4-8848-4E12-9776-6677346C3B7C}.Debug|Any CPU.Deploy.0 = Debug|iPhone
		{04457EE4-8848-4E12-9776-6677346C3B7C}.Debug|iPhone.ActiveCfg = Debug|iPhone
		{04457EE4-8848-4E12-9776-6677346C3B7C}.Debug|iPhone.Build.0 = Debug|iPhone
		{04457EE4-8848-4E12-9776-6677346C3B7C}.Debug|iPhone.Deploy.0 = Debug|iPhone
		{04457EE4-8848-4E12-9776-6677346C3B7C}.Debug|iPhoneSimulator.ActiveCfg = Debug|iPhoneSimulator
		{04457EE4-8848-4E12-9776-6677346C3B7C}.Debug|iPhoneSimulator.Build.0 = Debug|iPhoneSimulator
		{04457EE4-8848-4E12-9776-6677346C3B7C}.Debug|iPhoneSimulator.Deploy.0 = Debug|iPhoneSimulator
		{04457EE4-8848-4E12-9776-6677346C3B7C}.Release|Any CPU.ActiveCfg = Release|iPhoneSimulator
		{04457EE4-8848-4E12-9776-6677346C3B7C}.Release|Any CPU.Build.0 = Release|iPhoneSimulator
		{04457EE4-8848-4E12-9776-6677346C3B7C}.Release|Any CPU.Deploy.0 = Release|iPhoneSimulator
		{04457EE4-8848-4E12-9776-6677346C3B7C}.Release|iPhone.ActiveCfg = Release|iPhone
		{04457EE4-8848-4E12-9776-6677346C3B7C}.Release|iPhone.Build.0 = Release|iPhone
		{04457EE4-8848-4E12-9776-6677346C3B7C}.Release|iPhone.Deploy.0 = Release|iPhone
		{04457EE4-8848-4E12-9776-6677346C3B7C}.Release|iPhoneSimulator.ActiveCfg = Release|iPhoneSimulator
		{04457EE4-8848-4E12-9776-6677346C3B7C}.Release|iPhoneSimulator.Build.0 = Release|iPhoneSimulator
		{04457EE4-8848-4E12-9776-6677346C3B7C}.Release|iPhoneSimulator.Deploy.0 = Release|iPhoneSimulator
		{F5D32A1A-67A9-40ED-B46A-7FD329260456}.Debug|Any CPU.ActiveCfg = Debug|Any CPU
		{F5D32A1A-67A9-40ED-B46A-7FD329260456}.Debug|Any CPU.Build.0 = Debug|Any CPU
		{F5D32A1A-67A9-40ED-B46A-7FD329260456}.Debug|Any CPU.Deploy.0 = Debug|Any CPU
		{F5D32A1A-67A9-40ED-B46A-7FD329260456}.Debug|iPhone.ActiveCfg = Debug|Any CPU
		{F5D32A1A-67A9-40ED-B46A-7FD329260456}.Debug|iPhone.Build.0 = Debug|Any CPU
		{F5D32A1A-67A9-40ED-B46A-7FD329260456}.Debug|iPhone.Deploy.0 = Debug|Any CPU
		{F5D32A1A-67A9-40ED-B46A-7FD329260456}.Debug|iPhoneSimulator.ActiveCfg = Debug|Any CPU
		{F5D32A1A-67A9-40ED-B46A-7FD329260456}.Debug|iPhoneSimulator.Build.0 = Debug|Any CPU
		{F5D32A1A-67A9-40ED-B46A-7FD329260456}.Debug|iPhoneSimulator.Deploy.0 = Debug|Any CPU
		{F5D32A1A-67A9-40ED-B46A-7FD329260456}.Release|Any CPU.ActiveCfg = Release|Any CPU
		{F5D32A1A-67A9-40ED-B46A-7FD329260456}.Release|Any CPU.Build.0 = Release|Any CPU
		{F5D32A1A-67A9-40ED-B46A-7FD329260456}.Release|Any CPU.Deploy.0 = Release|Any CPU
		{F5D32A1A-67A9-40ED-B46A-7FD329260456}.Release|iPhone.ActiveCfg = Release|Any CPU
		{F5D32A1A-67A9-40ED-B46A-7FD329260456}.Release|iPhone.Build.0 = Release|Any CPU
		{F5D32A1A-67A9-40ED-B46A-7FD329260456}.Release|iPhone.Deploy.0 = Release|Any CPU
		{F5D32A1A-67A9-40ED-B46A-7FD329260456}.Release|iPhoneSimulator.ActiveCfg = Release|Any CPU
		{F5D32A1A-67A9-40ED-B46A-7FD329260456}.Release|iPhoneSimulator.Build.0 = Release|Any CPU
		{F5D32A1A-67A9-40ED-B46A-7FD329260456}.Release|iPhoneSimulator.Deploy.0 = Release|Any CPU
	EndGlobalSection
	GlobalSection(SolutionProperties) = preSolution
		HideSolutionNode = FALSE
	EndGlobalSection
	GlobalSection(ExtensibilityGlobals) = postSolution
		SolutionGuid = {5EC5E4D2-6A0F-473C-8594-5A3AE333B52F}
	EndGlobalSection
EndGlobal
